
Microsoft Visual Studio Solution File, Format Version 12.00
# Visual Studio 15
VisualStudioVersion = 15.0.28010.2026
MinimumVisualStudioVersion = 10.0.40219.1
Project("{FAE04EC0-301F-11D3-BF4B-00C04F79EFBC}") = "Task 1", "Task 1\Task 1.csproj", "{E6D75438-0272-4011-908F-91FD28C83C64}"
EndProject
Project("{FAE04EC0-301F-11D3-BF4B-00C04F79EFBC}") = "Task 2", "..\Task 2\Task 2.csproj", "{0E4665B7-D5FD-454B-97BA-28FE4DF731EE}"
EndProject
Project("{FAE04EC0-301F-11D3-BF4B-00C04F79EFBC}") = "Task 3", "..\Task 3\Task 3.csproj", "{87D18007-85D0-4D9B-B917-BFA9F565D66B}"
EndProject
Project("{FAE04EC0-301F-11D3-BF4B-00C04F79EFBC}") = "Task 4", "..\Task 4\Task 4.csproj", "{06C005F4-4B4C-488A-9813-32423B1BC9F8}"
EndProject
Global
	GlobalSection(SolutionConfigurationPlatforms) = preSolution
		Debug|Any CPU = Debug|Any CPU
		Release|Any CPU = Release|Any CPU
	EndGlobalSection
	GlobalSection(ProjectConfigurationPlatforms) = postSolution
		{E6D75438-0272-4011-908F-91FD28C83C64}.Debug|Any CPU.ActiveCfg = Debug|Any CPU
		{E6D75438-0272-4011-908F-91FD28C83C64}.Debug|Any CPU.Build.0 = Debug|Any CPU
		{E6D75438-0272-4011-908F-91FD28C83C64}.Release|Any CPU.ActiveCfg = Release|Any CPU
		{E6D75438-0272-4011-908F-91FD28C83C64}.Release|Any CPU.Build.0 = Release|Any CPU
		{0E4665B7-D5FD-454B-97BA-28FE4DF731EE}.Debug|Any CPU.ActiveCfg = Debug|Any CPU
		{0E4665B7-D5FD-454B-97BA-28FE4DF731EE}.Debug|Any CPU.Build.0 = Debug|Any CPU
		{0E4665B7-D5FD-454B-97BA-28FE4DF731EE}.Release|Any CPU.ActiveCfg = Release|Any CPU
		{0E4665B7-D5FD-454B-97BA-28FE4DF731EE}.Release|Any CPU.Build.0 = Release|Any CPU
		{87D18007-85D0-4D9B-B917-BFA9F565D66B}.Debug|Any CPU.ActiveCfg = Debug|Any CPU
		{87D18007-85D0-4D9B-B917-BFA9F565D66B}.Debug|Any CPU.Build.0 = Debug|Any CPU
		{87D18007-85D0-4D9B-B917-BFA9F565D66B}.Release|Any CPU.ActiveCfg = Release|Any CPU
		{87D18007-85D0-4D9B-B917-BFA9F565D66B}.Release|Any CPU.Build.0 = Release|Any CPU
		{06C005F4-4B4C-488A-9813-32423B1BC9F8}.Debug|Any CPU.ActiveCfg = Debug|Any CPU
		{06C005F4-4B4C-488A-9813-32423B1BC9F8}.Debug|Any CPU.Build.0 = Debug|Any CPU
		{06C005F4-4B4C-488A-9813-32423B1BC9F8}.Release|Any CPU.ActiveCfg = Release|Any CPU
		{06C005F4-4B4C-488A-9813-32423B1BC9F8}.Release|Any CPU.Build.0 = Release|Any CPU
	EndGlobalSection
	GlobalSection(SolutionProperties) = preSolution
		HideSolutionNode = FALSE
	EndGlobalSection
	GlobalSection(ExtensibilityGlobals) = postSolution
		SolutionGuid = {B6E8B90A-0CC3-4FA2-93F3-65D817800675}
	EndGlobalSection
EndGlobal
