
Microsoft Visual Studio Solution File, Format Version 12.00
# Visual Studio 15
VisualStudioVersion = 15.0.28010.2026
MinimumVisualStudioVersion = 10.0.40219.1
Project("{FAE04EC0-301F-11D3-BF4B-00C04F79EFBC}") = "Task 1", "Task 1\Task 1.csproj", "{BC23CF75-3E96-451E-8CB0-69AD722881F2}"
EndProject
Global
	GlobalSection(SolutionConfigurationPlatforms) = preSolution
		Debug|Any CPU = Debug|Any CPU
		Release|Any CPU = Release|Any CPU
	EndGlobalSection
	GlobalSection(ProjectConfigurationPlatforms) = postSolution
		{BC23CF75-3E96-451E-8CB0-69AD722881F2}.Debug|Any CPU.ActiveCfg = Debug|Any CPU
		{BC23CF75-3E96-451E-8CB0-69AD722881F2}.Debug|Any CPU.Build.0 = Debug|Any CPU
		{BC23CF75-3E96-451E-8CB0-69AD722881F2}.Release|Any CPU.ActiveCfg = Release|Any CPU
		{BC23CF75-3E96-451E-8CB0-69AD722881F2}.Release|Any CPU.Build.0 = Release|Any CPU
	EndGlobalSection
	GlobalSection(SolutionProperties) = preSolution
		HideSolutionNode = FALSE
	EndGlobalSection
	GlobalSection(ExtensibilityGlobals) = postSolution
		SolutionGuid = {D4CD589B-0C26-40D6-9776-EAB5641335D1}
	EndGlobalSection
EndGlobal
